
Microsoft Visual Studio Solution File, Format Version 12.00
# Visual Studio Version 16
VisualStudioVersion = 16.0.30104.148
MinimumVisualStudioVersion = 10.0.40219.1
Project("{FAE04EC0-301F-11D3-BF4B-00C04F79EFBC}") = "BookingAppStore", "BookingAppStore.csproj", "{2C2B7C76-A006-42AB-B599-19CC91A2E0BE}"
EndProject
Global
	GlobalSection(SolutionConfigurationPlatforms) = preSolution
		Debug|Any CPU = Debug|Any CPU
		Release|Any CPU = Release|Any CPU
	EndGlobalSection
	GlobalSection(ProjectConfigurationPlatforms) = postSolution
		{2C2B7C76-A006-42AB-B599-19CC91A2E0BE}.Debug|Any CPU.ActiveCfg = Debug|Any CPU
		{2C2B7C76-A006-42AB-B599-19CC91A2E0BE}.Debug|Any CPU.Build.0 = Debug|Any CPU
		{2C2B7C76-A006-42AB-B599-19CC91A2E0BE}.Release|Any CPU.ActiveCfg = Release|Any CPU
		{2C2B7C76-A006-42AB-B599-19CC91A2E0BE}.Release|Any CPU.Build.0 = Release|Any CPU
	EndGlobalSection
	GlobalSection(SolutionProperties) = preSolution
		HideSolutionNode = FALSE
	EndGlobalSection
	GlobalSection(ExtensibilityGlobals) = postSolution
		SolutionGuid = {335C3D8E-18F3-46CF-AB26-E30B434D8194}
	EndGlobalSection
EndGlobal
